{"name":"tmw-livejasmin-profile-fetcher","version":"1.0.0","lockfileVersion":3,"requires":true,"packages":{"":{"name":"tmw-livejasmin-profile-fetcher","version":"1.0.0","engines":{"node":">=20.0.0"},"dependencies":{"playwright":"1.55.0"}},"node_modules/playwright":{"version":"1.55.0","resolved":"https://registry.npmjs.org/playwright/-/playwright-1.55.0.tgz","dependencies":{"playwright-core":"1.55.0"},"bin":{"playwright":"cli.js"},"engines":{"node":">=18"}},"node_modules/playwright-core":{"version":"1.55.0","resolved":"https://registry.npmjs.org/playwright-core/-/playwright-core-1.55.0.tgz","bin":{"playwright-core":"cli.js"},"engines":{"node":">=18"}}}}
